
Microsoft Visual Studio Solution File, Format Version 12.00
# Visual Studio Version 17
VisualStudioVersion = 17.9.34607.119
MinimumVisualStudioVersion = 10.0.40219.1
Project("{8BC9CEB8-8B4A-11D0-8D11-00A0C91BC942}") = "civ7map", "civ7map\civ7map.vcxproj", "{15DA6D26-F905-4922-89CC-A8D6DDDFC591}"
EndProject
Project("{2150E333-8FDC-42A3-9474-1A3956D46DE8}") = "Solution Items", "Solution Items", "{442CD92C-D428-4182-9FD2-DE7F7D56156B}"
	ProjectSection(SolutionItems) = preProject
		README.md = README.md
	EndProjectSection
EndProject
Project("{2150E333-8FDC-42A3-9474-1A3956D46DE8}") = "mods", "mods", "{1BAF69DA-B88E-40CD-B36D-1432342A3D32}"
EndProject
Project("{2150E333-8FDC-42A3-9474-1A3956D46DE8}") = "Debug", "Debug", "{23E951F9-88EF-415A-96C7-08505496BE62}"
	ProjectSection(SolutionItems) = preProject
		..\..\..\Steam\steamapps\common\Sid Meier's Civilization VII\Base\modules\base-standard\maps\feature-biome-generator.js = ..\..\..\Steam\steamapps\common\Sid Meier's Civilization VII\Base\modules\base-standard\maps\feature-biome-generator.js
		C:\Users\benua\AppData\Local\Firaxis Games\Sid Meier's Civilization VII\Logs\Scripting.log = C:\Users\benua\AppData\Local\Firaxis Games\Sid Meier's Civilization VII\Logs\Scripting.log
	EndProjectSection
EndProject
Project("{2150E333-8FDC-42A3-9474-1A3956D46DE8}") = "template", "template", "{6BB35210-3436-49D1-AAA4-215360FB1270}"
	ProjectSection(SolutionItems) = preProject
		templates\mapexport-template\mapscript-template.modinfo = templates\mapexport-template\mapscript-template.modinfo
	EndProjectSection
EndProject
Project("{2150E333-8FDC-42A3-9474-1A3956D46DE8}") = "config", "config", "{EE39DD5E-207F-404E-B711-E07CF5AA6940}"
	ProjectSection(SolutionItems) = preProject
		templates\mapexport-template\config\config.xml = templates\mapexport-template\config\config.xml
	EndProjectSection
EndProject
Project("{2150E333-8FDC-42A3-9474-1A3956D46DE8}") = "maps", "maps", "{F7E954F5-9C8F-4419-AC89-A1B6DCEDC2C5}"
	ProjectSection(SolutionItems) = preProject
		templates\mapexport-template\maps\testmap-data.js = templates\mapexport-template\maps\testmap-data.js
		templates\mapexport-template\maps\testmap-map.js = templates\mapexport-template\maps\testmap-map.js
	EndProjectSection
EndProject
Project("{2150E333-8FDC-42A3-9474-1A3956D46DE8}") = "text", "text", "{9CC588D8-463E-4105-A897-925874972D64}"
EndProject
Project("{2150E333-8FDC-42A3-9474-1A3956D46DE8}") = "en_us", "en_us", "{4503D203-5166-4D96-A49E-CD6811876A6B}"
	ProjectSection(SolutionItems) = preProject
		templates\mapexport-template\text\en_us\MapText.xml = templates\mapexport-template\text\en_us\MapText.xml
		templates\mapexport-template\text\en_us\ModuleText.xml = templates\mapexport-template\text\en_us\ModuleText.xml
	EndProjectSection
EndProject
Project("{2150E333-8FDC-42A3-9474-1A3956D46DE8}") = "data", "data", "{CDE01A10-4FED-4B6C-BBA2-01C6830778E2}"
	ProjectSection(SolutionItems) = preProject
		mods\Civ7-YnAMP\modules\data\tables.sql = mods\Civ7-YnAMP\modules\data\tables.sql
	EndProjectSection
EndProject
Project("{2150E333-8FDC-42A3-9474-1A3956D46DE8}") = "Europe_Small_8P_Multiplayer", "Europe_Small_8P_Multiplayer", "{02EA681E-C7D8-13C7-8484-4AC65E1B71E8}"
	ProjectSection(SolutionItems) = preProject
		mods\Europe_Small_8P_Multiplayer\Europe_Small_8P_Multiplayer.modinfo = mods\Europe_Small_8P_Multiplayer\Europe_Small_8P_Multiplayer.modinfo
	EndProjectSection
EndProject
Project("{2150E333-8FDC-42A3-9474-1A3956D46DE8}") = "config", "config", "{7A762265-D6FE-4F0F-AEF5-BED990F7A3C0}"
	ProjectSection(SolutionItems) = preProject
		mods\Europe_Small_8P_Multiplayer\config\config.xml = mods\Europe_Small_8P_Multiplayer\config\config.xml
	EndProjectSection
EndProject
Project("{2150E333-8FDC-42A3-9474-1A3956D46DE8}") = "data", "data", "{84048A9D-A975-4470-99D9-F24D7937FEB0}"
	ProjectSection(SolutionItems) = preProject
		mods\Europe_Small_8P_Multiplayer\data\maps.xml = mods\Europe_Small_8P_Multiplayer\data\maps.xml
	EndProjectSection
EndProject
Project("{2150E333-8FDC-42A3-9474-1A3956D46DE8}") = "text", "text", "{22B34D08-97C2-4BCA-8667-06318B5DDC39}"
EndProject
Project("{2150E333-8FDC-42A3-9474-1A3956D46DE8}") = "en_us", "en_us", "{FC1AB7B6-4277-490F-9C21-B87A3401E9E3}"
	ProjectSection(SolutionItems) = preProject
		mods\Europe_Small_8P_Multiplayer\text\en_us\Europe_Small_8P_Multiplayer_Text.xml = mods\Europe_Small_8P_Multiplayer\text\en_us\Europe_Small_8P_Multiplayer_Text.xml
	EndProjectSection
EndProject
Project("{2150E333-8FDC-42A3-9474-1A3956D46DE8}") = "maps", "maps", "{750687DE-412B-4D10-9997-68200AC54225}"
	ProjectSection(SolutionItems) = preProject
		mods\Europe_Small_8P_Multiplayer\maps\Europe_Small_8P_Multiplayer.Civ7Map = mods\Europe_Small_8P_Multiplayer\maps\Europe_Small_8P_Multiplayer.Civ7Map
		mods\Europe_Small_8P_Multiplayer\maps\Europe_Small_8P_Multiplayer.js = mods\Europe_Small_8P_Multiplayer\maps\Europe_Small_8P_Multiplayer.js
	EndProjectSection
EndProject
Project("{2150E333-8FDC-42A3-9474-1A3956D46DE8}") = "Earth_Small_8P_Multiplayer", "Earth_Small_8P_Multiplayer", "{C3080638-9B9C-406B-BDD5-B5582F5C1D64}"
	ProjectSection(SolutionItems) = preProject
		mods\Earth_Small_8P_Multiplayer\Earth_Small_8P_Multiplayer.modinfo = mods\Earth_Small_8P_Multiplayer\Earth_Small_8P_Multiplayer.modinfo
	EndProjectSection
EndProject
Project("{2150E333-8FDC-42A3-9474-1A3956D46DE8}") = "config", "config", "{44998A72-9800-482F-8636-F63D564195BE}"
	ProjectSection(SolutionItems) = preProject
		mods\Earth_Small_8P_Multiplayer\config\config.xml = mods\Earth_Small_8P_Multiplayer\config\config.xml
	EndProjectSection
EndProject
Project("{2150E333-8FDC-42A3-9474-1A3956D46DE8}") = "maps", "maps", "{C8E95071-D2AB-4C23-8C91-119E47134350}"
	ProjectSection(SolutionItems) = preProject
		mods\Earth_Small_8P_Multiplayer\maps\Earth_Small_8P_Multiplayer.Civ7Map = mods\Earth_Small_8P_Multiplayer\maps\Earth_Small_8P_Multiplayer.Civ7Map
		mods\Earth_Small_8P_Multiplayer\maps\Earth_Small_8P_Multiplayer.js = mods\Earth_Small_8P_Multiplayer\maps\Earth_Small_8P_Multiplayer.js
	EndProjectSection
EndProject
Project("{2150E333-8FDC-42A3-9474-1A3956D46DE8}") = "data", "data", "{5FC6AFC5-3994-4C24-B43D-40986D885B15}"
	ProjectSection(SolutionItems) = preProject
		mods\Earth_Small_8P_Multiplayer\data\maps.xml = mods\Earth_Small_8P_Multiplayer\data\maps.xml
	EndProjectSection
EndProject
Project("{2150E333-8FDC-42A3-9474-1A3956D46DE8}") = "text", "text", "{45122DCC-2209-44BE-8942-DF4904ED0AD6}"
EndProject
Project("{2150E333-8FDC-42A3-9474-1A3956D46DE8}") = "en_us", "en_us", "{36C03F47-9E79-4880-B50B-4DB32D6124C0}"
	ProjectSection(SolutionItems) = preProject
		mods\Earth_Small_8P_Multiplayer\text\en_us\Earth_Small_8P_Multiplayer_Text.xml = mods\Earth_Small_8P_Multiplayer\text\en_us\Earth_Small_8P_Multiplayer_Text.xml
	EndProjectSection
EndProject
Global
	GlobalSection(SolutionConfigurationPlatforms) = preSolution
		Debug|x64 = Debug|x64
		Debug|x86 = Debug|x86
		Release|x64 = Release|x64
		Release|x86 = Release|x86
	EndGlobalSection
	GlobalSection(ProjectConfigurationPlatforms) = postSolution
		{15DA6D26-F905-4922-89CC-A8D6DDDFC591}.Debug|x64.ActiveCfg = Debug|x64
		{15DA6D26-F905-4922-89CC-A8D6DDDFC591}.Debug|x64.Build.0 = Debug|x64
		{15DA6D26-F905-4922-89CC-A8D6DDDFC591}.Debug|x86.ActiveCfg = Debug|x64
		{15DA6D26-F905-4922-89CC-A8D6DDDFC591}.Debug|x86.Build.0 = Debug|x64
		{15DA6D26-F905-4922-89CC-A8D6DDDFC591}.Release|x64.ActiveCfg = Release|x64
		{15DA6D26-F905-4922-89CC-A8D6DDDFC591}.Release|x64.Build.0 = Release|x64
		{15DA6D26-F905-4922-89CC-A8D6DDDFC591}.Release|x86.ActiveCfg = Release|x64
		{15DA6D26-F905-4922-89CC-A8D6DDDFC591}.Release|x86.Build.0 = Release|x64
	EndGlobalSection
	GlobalSection(SolutionProperties) = preSolution
		HideSolutionNode = FALSE
	EndGlobalSection
	GlobalSection(NestedProjects) = preSolution
		{1BAF69DA-B88E-40CD-B36D-1432342A3D32} = {442CD92C-D428-4182-9FD2-DE7F7D56156B}
		{23E951F9-88EF-415A-96C7-08505496BE62} = {442CD92C-D428-4182-9FD2-DE7F7D56156B}
		{6BB35210-3436-49D1-AAA4-215360FB1270} = {442CD92C-D428-4182-9FD2-DE7F7D56156B}
		{EE39DD5E-207F-404E-B711-E07CF5AA6940} = {6BB35210-3436-49D1-AAA4-215360FB1270}
		{F7E954F5-9C8F-4419-AC89-A1B6DCEDC2C5} = {6BB35210-3436-49D1-AAA4-215360FB1270}
		{9CC588D8-463E-4105-A897-925874972D64} = {6BB35210-3436-49D1-AAA4-215360FB1270}
		{4503D203-5166-4D96-A49E-CD6811876A6B} = {9CC588D8-463E-4105-A897-925874972D64}
		{CDE01A10-4FED-4B6C-BBA2-01C6830778E2} = {6BB35210-3436-49D1-AAA4-215360FB1270}
		{02EA681E-C7D8-13C7-8484-4AC65E1B71E8} = {1BAF69DA-B88E-40CD-B36D-1432342A3D32}
		{7A762265-D6FE-4F0F-AEF5-BED990F7A3C0} = {02EA681E-C7D8-13C7-8484-4AC65E1B71E8}
		{84048A9D-A975-4470-99D9-F24D7937FEB0} = {02EA681E-C7D8-13C7-8484-4AC65E1B71E8}
		{22B34D08-97C2-4BCA-8667-06318B5DDC39} = {02EA681E-C7D8-13C7-8484-4AC65E1B71E8}
		{FC1AB7B6-4277-490F-9C21-B87A3401E9E3} = {22B34D08-97C2-4BCA-8667-06318B5DDC39}
		{750687DE-412B-4D10-9997-68200AC54225} = {02EA681E-C7D8-13C7-8484-4AC65E1B71E8}
		{C3080638-9B9C-406B-BDD5-B5582F5C1D64} = {1BAF69DA-B88E-40CD-B36D-1432342A3D32}
		{44998A72-9800-482F-8636-F63D564195BE} = {C3080638-9B9C-406B-BDD5-B5582F5C1D64}
		{C8E95071-D2AB-4C23-8C91-119E47134350} = {C3080638-9B9C-406B-BDD5-B5582F5C1D64}
		{5FC6AFC5-3994-4C24-B43D-40986D885B15} = {C3080638-9B9C-406B-BDD5-B5582F5C1D64}
		{45122DCC-2209-44BE-8942-DF4904ED0AD6} = {C3080638-9B9C-406B-BDD5-B5582F5C1D64}
		{36C03F47-9E79-4880-B50B-4DB32D6124C0} = {45122DCC-2209-44BE-8942-DF4904ED0AD6}
	EndGlobalSection
	GlobalSection(ExtensibilityGlobals) = postSolution
		SolutionGuid = {B29936D3-D786-4B14-82AD-70BEBC6F7AF9}
	EndGlobalSection
EndGlobal
