
Microsoft Visual Studio Solution File, Format Version 12.00
# Visual Studio Version 17
VisualStudioVersion = 17.9.34607.119
MinimumVisualStudioVersion = 10.0.40219.1
Project("{8BC9CEB8-8B4A-11D0-8D11-00A0C91BC942}") = "civ7map", "civ7map\civ7map.vcxproj", "{15DA6D26-F905-4922-89CC-A8D6DDDFC591}"
EndProject
Project("{2150E333-8FDC-42A3-9474-1A3956D46DE8}") = "Solution Items", "Solution Items", "{442CD92C-D428-4182-9FD2-DE7F7D56156B}"
	ProjectSection(SolutionItems) = preProject
		README.md = README.md
	EndProjectSection
EndProject
Project("{2150E333-8FDC-42A3-9474-1A3956D46DE8}") = "mods", "mods", "{1BAF69DA-B88E-40CD-B36D-1432342A3D32}"
EndProject
Project("{2150E333-8FDC-42A3-9474-1A3956D46DE8}") = "Civ7-YnAMP", "Civ7-YnAMP", "{0BB17153-729C-48C5-808A-3781915FA9C4}"
	ProjectSection(SolutionItems) = preProject
		mods\Civ7-YnAMP\modules\version.sql = mods\Civ7-YnAMP\modules\version.sql
		mods\Civ7-YnAMP\modules\ynamp.modinfo = mods\Civ7-YnAMP\modules\ynamp.modinfo
	EndProjectSection
EndProject
Project("{2150E333-8FDC-42A3-9474-1A3956D46DE8}") = "Debug", "Debug", "{23E951F9-88EF-415A-96C7-08505496BE62}"
	ProjectSection(SolutionItems) = preProject
		..\..\..\Steam\steamapps\common\Sid Meier's Civilization VII\Base\modules\base-standard\maps\feature-biome-generator.js = ..\..\..\Steam\steamapps\common\Sid Meier's Civilization VII\Base\modules\base-standard\maps\feature-biome-generator.js
		C:\Users\benua\AppData\Local\Firaxis Games\Sid Meier's Civilization VII\Logs\Scripting.log = C:\Users\benua\AppData\Local\Firaxis Games\Sid Meier's Civilization VII\Logs\Scripting.log
	EndProjectSection
EndProject
Project("{2150E333-8FDC-42A3-9474-1A3956D46DE8}") = "template", "template", "{6BB35210-3436-49D1-AAA4-215360FB1270}"
	ProjectSection(SolutionItems) = preProject
		templates\mapexport-template\mapscript-template.modinfo = templates\mapexport-template\mapscript-template.modinfo
	EndProjectSection
EndProject
Project("{2150E333-8FDC-42A3-9474-1A3956D46DE8}") = "config", "config", "{EE39DD5E-207F-404E-B711-E07CF5AA6940}"
	ProjectSection(SolutionItems) = preProject
		templates\mapexport-template\config\config.xml = templates\mapexport-template\config\config.xml
	EndProjectSection
EndProject
Project("{2150E333-8FDC-42A3-9474-1A3956D46DE8}") = "maps", "maps", "{F7E954F5-9C8F-4419-AC89-A1B6DCEDC2C5}"
	ProjectSection(SolutionItems) = preProject
		templates\mapexport-template\maps\testmap-data.js = templates\mapexport-template\maps\testmap-data.js
		templates\mapexport-template\maps\testmap-map.js = templates\mapexport-template\maps\testmap-map.js
	EndProjectSection
EndProject
Project("{2150E333-8FDC-42A3-9474-1A3956D46DE8}") = "text", "text", "{9CC588D8-463E-4105-A897-925874972D64}"
EndProject
Project("{2150E333-8FDC-42A3-9474-1A3956D46DE8}") = "en_us", "en_us", "{4503D203-5166-4D96-A49E-CD6811876A6B}"
	ProjectSection(SolutionItems) = preProject
		templates\mapexport-template\text\en_us\MapText.xml = templates\mapexport-template\text\en_us\MapText.xml
		templates\mapexport-template\text\en_us\ModuleText.xml = templates\mapexport-template\text\en_us\ModuleText.xml
	EndProjectSection
EndProject
Project("{2150E333-8FDC-42A3-9474-1A3956D46DE8}") = "maps", "maps", "{A151EE1A-B9C4-4858-9404-440454A3BADF}"
	ProjectSection(SolutionItems) = preProject
		mods\Civ7-YnAMP\modules\maps\ynamp-map-loading.js = mods\Civ7-YnAMP\modules\maps\ynamp-map-loading.js
		mods\Civ7-YnAMP\modules\maps\ynamp-resource-generator.js = mods\Civ7-YnAMP\modules\maps\ynamp-resource-generator.js
		mods\Civ7-YnAMP\modules\maps\ynamp-utilities.js = mods\Civ7-YnAMP\modules\maps\ynamp-utilities.js
	EndProjectSection
EndProject
Global
	GlobalSection(SolutionConfigurationPlatforms) = preSolution
		Debug|x64 = Debug|x64
		Release|x64 = Release|x64
	EndGlobalSection
	GlobalSection(ProjectConfigurationPlatforms) = postSolution
		{15DA6D26-F905-4922-89CC-A8D6DDDFC591}.Debug|x64.ActiveCfg = Debug|x64
		{15DA6D26-F905-4922-89CC-A8D6DDDFC591}.Debug|x64.Build.0 = Debug|x64
		{15DA6D26-F905-4922-89CC-A8D6DDDFC591}.Release|x64.ActiveCfg = Release|x64
		{15DA6D26-F905-4922-89CC-A8D6DDDFC591}.Release|x64.Build.0 = Release|x64
	EndGlobalSection
	GlobalSection(SolutionProperties) = preSolution
		HideSolutionNode = FALSE
	EndGlobalSection
	GlobalSection(NestedProjects) = preSolution
		{1BAF69DA-B88E-40CD-B36D-1432342A3D32} = {442CD92C-D428-4182-9FD2-DE7F7D56156B}
		{0BB17153-729C-48C5-808A-3781915FA9C4} = {1BAF69DA-B88E-40CD-B36D-1432342A3D32}
		{23E951F9-88EF-415A-96C7-08505496BE62} = {442CD92C-D428-4182-9FD2-DE7F7D56156B}
		{6BB35210-3436-49D1-AAA4-215360FB1270} = {442CD92C-D428-4182-9FD2-DE7F7D56156B}
		{EE39DD5E-207F-404E-B711-E07CF5AA6940} = {6BB35210-3436-49D1-AAA4-215360FB1270}
		{F7E954F5-9C8F-4419-AC89-A1B6DCEDC2C5} = {6BB35210-3436-49D1-AAA4-215360FB1270}
		{9CC588D8-463E-4105-A897-925874972D64} = {6BB35210-3436-49D1-AAA4-215360FB1270}
		{4503D203-5166-4D96-A49E-CD6811876A6B} = {9CC588D8-463E-4105-A897-925874972D64}
		{A151EE1A-B9C4-4858-9404-440454A3BADF} = {0BB17153-729C-48C5-808A-3781915FA9C4}
	EndGlobalSection
	GlobalSection(ExtensibilityGlobals) = postSolution
		SolutionGuid = {B29936D3-D786-4B14-82AD-70BEBC6F7AF9}
	EndGlobalSection
EndGlobal
